
Microsoft Visual Studio Solution File, Format Version 12.00
# Visual Studio 15
VisualStudioVersion = 15.0.26730.16
MinimumVisualStudioVersion = 10.0.40219.1
Project("{FAE04EC0-301F-11D3-BF4B-00C04F79EFBC}") = "Queue", "Queue\Queue.csproj", "{282423DE-2D1E-4CF6-9CD0-385AE6C313E5}"
EndProject
Project("{FAE04EC0-301F-11D3-BF4B-00C04F79EFBC}") = "Queue.NUnitTests", "Queue.NUnitTests\Queue.NUnitTests.csproj", "{E1F169C7-915C-4127-A7AD-995098A13390}"
EndProject
Project("{FAE04EC0-301F-11D3-BF4B-00C04F79EFBC}") = "Matrix", "Matrix\Matrix.csproj", "{60A7C78E-725A-44A9-A7A1-C49FDCCEADF3}"
EndProject
Project("{FAE04EC0-301F-11D3-BF4B-00C04F79EFBC}") = "Matrix.NUnitTests", "Matrix.NUnitTests\Matrix.NUnitTests.csproj", "{B3BC991A-4DE7-4C0A-8313-E3E4A68E8FC7}"
EndProject
Project("{FAE04EC0-301F-11D3-BF4B-00C04F79EFBC}") = "BinarySearchTree", "BinarySearchTree\BinarySearchTree.csproj", "{6F3B3563-E351-4F34-8789-21F5CA37AB12}"
EndProject
Project("{FAE04EC0-301F-11D3-BF4B-00C04F79EFBC}") = "BinarySearchTree.NUnitTests", "BinarySearchTree.NUnitTests\BinarySearchTree.NUnitTests.csproj", "{550BBDD3-19FC-4F8D-A61D-41C32F704CA7}"
EndProject
Global
	GlobalSection(SolutionConfigurationPlatforms) = preSolution
		Debug|Any CPU = Debug|Any CPU
		Release|Any CPU = Release|Any CPU
	EndGlobalSection
	GlobalSection(ProjectConfigurationPlatforms) = postSolution
		{282423DE-2D1E-4CF6-9CD0-385AE6C313E5}.Debug|Any CPU.ActiveCfg = Debug|Any CPU
		{282423DE-2D1E-4CF6-9CD0-385AE6C313E5}.Debug|Any CPU.Build.0 = Debug|Any CPU
		{282423DE-2D1E-4CF6-9CD0-385AE6C313E5}.Release|Any CPU.ActiveCfg = Release|Any CPU
		{282423DE-2D1E-4CF6-9CD0-385AE6C313E5}.Release|Any CPU.Build.0 = Release|Any CPU
		{E1F169C7-915C-4127-A7AD-995098A13390}.Debug|Any CPU.ActiveCfg = Debug|Any CPU
		{E1F169C7-915C-4127-A7AD-995098A13390}.Debug|Any CPU.Build.0 = Debug|Any CPU
		{E1F169C7-915C-4127-A7AD-995098A13390}.Release|Any CPU.ActiveCfg = Release|Any CPU
		{E1F169C7-915C-4127-A7AD-995098A13390}.Release|Any CPU.Build.0 = Release|Any CPU
		{60A7C78E-725A-44A9-A7A1-C49FDCCEADF3}.Debug|Any CPU.ActiveCfg = Debug|Any CPU
		{60A7C78E-725A-44A9-A7A1-C49FDCCEADF3}.Debug|Any CPU.Build.0 = Debug|Any CPU
		{60A7C78E-725A-44A9-A7A1-C49FDCCEADF3}.Release|Any CPU.ActiveCfg = Release|Any CPU
		{60A7C78E-725A-44A9-A7A1-C49FDCCEADF3}.Release|Any CPU.Build.0 = Release|Any CPU
		{B3BC991A-4DE7-4C0A-8313-E3E4A68E8FC7}.Debug|Any CPU.ActiveCfg = Debug|Any CPU
		{B3BC991A-4DE7-4C0A-8313-E3E4A68E8FC7}.Debug|Any CPU.Build.0 = Debug|Any CPU
		{B3BC991A-4DE7-4C0A-8313-E3E4A68E8FC7}.Release|Any CPU.ActiveCfg = Release|Any CPU
		{B3BC991A-4DE7-4C0A-8313-E3E4A68E8FC7}.Release|Any CPU.Build.0 = Release|Any CPU
		{6F3B3563-E351-4F34-8789-21F5CA37AB12}.Debug|Any CPU.ActiveCfg = Debug|Any CPU
		{6F3B3563-E351-4F34-8789-21F5CA37AB12}.Debug|Any CPU.Build.0 = Debug|Any CPU
		{6F3B3563-E351-4F34-8789-21F5CA37AB12}.Release|Any CPU.ActiveCfg = Release|Any CPU
		{6F3B3563-E351-4F34-8789-21F5CA37AB12}.Release|Any CPU.Build.0 = Release|Any CPU
		{550BBDD3-19FC-4F8D-A61D-41C32F704CA7}.Debug|Any CPU.ActiveCfg = Debug|Any CPU
		{550BBDD3-19FC-4F8D-A61D-41C32F704CA7}.Debug|Any CPU.Build.0 = Debug|Any CPU
		{550BBDD3-19FC-4F8D-A61D-41C32F704CA7}.Release|Any CPU.ActiveCfg = Release|Any CPU
		{550BBDD3-19FC-4F8D-A61D-41C32F704CA7}.Release|Any CPU.Build.0 = Release|Any CPU
	EndGlobalSection
	GlobalSection(SolutionProperties) = preSolution
		HideSolutionNode = FALSE
	EndGlobalSection
	GlobalSection(ExtensibilityGlobals) = postSolution
		SolutionGuid = {EC3383B2-1EF9-4A03-8154-7F4989282ED0}
	EndGlobalSection
EndGlobal
