
Microsoft Visual Studio Solution File, Format Version 12.00
# Visual Studio 15
VisualStudioVersion = 15.0.26730.16
MinimumVisualStudioVersion = 10.0.40219.1
Project("{FAE04EC0-301F-11D3-BF4B-00C04F79EFBC}") = "Algorithm", "Algorithm\Algorithm.csproj", "{386E77A4-4C3C-4D42-A0C5-C01C1C9DE209}"
EndProject
Project("{FAE04EC0-301F-11D3-BF4B-00C04F79EFBC}") = "Algorithm.NUnitTests", "Algorithm.NUnitTests\Algorithm.NUnitTests.csproj", "{2F1F9714-51F4-47A9-9A87-F94CD3677550}"
EndProject
Global
	GlobalSection(SolutionConfigurationPlatforms) = preSolution
		Debug|Any CPU = Debug|Any CPU
		Release|Any CPU = Release|Any CPU
	EndGlobalSection
	GlobalSection(ProjectConfigurationPlatforms) = postSolution
		{386E77A4-4C3C-4D42-A0C5-C01C1C9DE209}.Debug|Any CPU.ActiveCfg = Debug|Any CPU
		{386E77A4-4C3C-4D42-A0C5-C01C1C9DE209}.Debug|Any CPU.Build.0 = Debug|Any CPU
		{386E77A4-4C3C-4D42-A0C5-C01C1C9DE209}.Release|Any CPU.ActiveCfg = Release|Any CPU
		{386E77A4-4C3C-4D42-A0C5-C01C1C9DE209}.Release|Any CPU.Build.0 = Release|Any CPU
		{2F1F9714-51F4-47A9-9A87-F94CD3677550}.Debug|Any CPU.ActiveCfg = Debug|Any CPU
		{2F1F9714-51F4-47A9-9A87-F94CD3677550}.Debug|Any CPU.Build.0 = Debug|Any CPU
		{2F1F9714-51F4-47A9-9A87-F94CD3677550}.Release|Any CPU.ActiveCfg = Release|Any CPU
		{2F1F9714-51F4-47A9-9A87-F94CD3677550}.Release|Any CPU.Build.0 = Release|Any CPU
	EndGlobalSection
	GlobalSection(SolutionProperties) = preSolution
		HideSolutionNode = FALSE
	EndGlobalSection
	GlobalSection(ExtensibilityGlobals) = postSolution
		SolutionGuid = {8B5168FF-FE40-4643-901F-05973C0DB8B0}
	EndGlobalSection
EndGlobal
