
Microsoft Visual Studio Solution File, Format Version 12.00
# Visual Studio 15
VisualStudioVersion = 15.0.26730.16
MinimumVisualStudioVersion = 10.0.40219.1
Project("{FAE04EC0-301F-11D3-BF4B-00C04F79EFBC}") = "Algorithm", "Algorithm\Algorithm.csproj", "{B43141D0-8E9C-45A9-9816-CA43DFA8F544}"
EndProject
Project("{FAE04EC0-301F-11D3-BF4B-00C04F79EFBC}") = "Algorithm.Tests", "Algorithm.Tests\Algorithm.Tests.csproj", "{234B7D98-EBF2-4883-ABD3-3D052204823D}"
EndProject
Project("{FAE04EC0-301F-11D3-BF4B-00C04F79EFBC}") = "Timer", "Timer\Timer.csproj", "{AE56A8AA-7709-4463-9D81-6E47AA9946E9}"
EndProject
Project("{FAE04EC0-301F-11D3-BF4B-00C04F79EFBC}") = "TimerUI", "TimerUI\TimerUI.csproj", "{84454D0F-8FD2-490E-8ADE-878BC3C19B74}"
EndProject
Global
	GlobalSection(SolutionConfigurationPlatforms) = preSolution
		Debug|Any CPU = Debug|Any CPU
		Release|Any CPU = Release|Any CPU
	EndGlobalSection
	GlobalSection(ProjectConfigurationPlatforms) = postSolution
		{B43141D0-8E9C-45A9-9816-CA43DFA8F544}.Debug|Any CPU.ActiveCfg = Debug|Any CPU
		{B43141D0-8E9C-45A9-9816-CA43DFA8F544}.Debug|Any CPU.Build.0 = Debug|Any CPU
		{B43141D0-8E9C-45A9-9816-CA43DFA8F544}.Release|Any CPU.ActiveCfg = Release|Any CPU
		{B43141D0-8E9C-45A9-9816-CA43DFA8F544}.Release|Any CPU.Build.0 = Release|Any CPU
		{234B7D98-EBF2-4883-ABD3-3D052204823D}.Debug|Any CPU.ActiveCfg = Debug|Any CPU
		{234B7D98-EBF2-4883-ABD3-3D052204823D}.Debug|Any CPU.Build.0 = Debug|Any CPU
		{234B7D98-EBF2-4883-ABD3-3D052204823D}.Release|Any CPU.ActiveCfg = Release|Any CPU
		{234B7D98-EBF2-4883-ABD3-3D052204823D}.Release|Any CPU.Build.0 = Release|Any CPU
		{AE56A8AA-7709-4463-9D81-6E47AA9946E9}.Debug|Any CPU.ActiveCfg = Debug|Any CPU
		{AE56A8AA-7709-4463-9D81-6E47AA9946E9}.Debug|Any CPU.Build.0 = Debug|Any CPU
		{AE56A8AA-7709-4463-9D81-6E47AA9946E9}.Release|Any CPU.ActiveCfg = Release|Any CPU
		{AE56A8AA-7709-4463-9D81-6E47AA9946E9}.Release|Any CPU.Build.0 = Release|Any CPU
		{84454D0F-8FD2-490E-8ADE-878BC3C19B74}.Debug|Any CPU.ActiveCfg = Debug|Any CPU
		{84454D0F-8FD2-490E-8ADE-878BC3C19B74}.Debug|Any CPU.Build.0 = Debug|Any CPU
		{84454D0F-8FD2-490E-8ADE-878BC3C19B74}.Release|Any CPU.ActiveCfg = Release|Any CPU
		{84454D0F-8FD2-490E-8ADE-878BC3C19B74}.Release|Any CPU.Build.0 = Release|Any CPU
	EndGlobalSection
	GlobalSection(SolutionProperties) = preSolution
		HideSolutionNode = FALSE
	EndGlobalSection
	GlobalSection(ExtensibilityGlobals) = postSolution
		SolutionGuid = {7CE5FDF7-928A-450F-A301-80DBC461E50A}
	EndGlobalSection
EndGlobal
