
Microsoft Visual Studio Solution File, Format Version 12.00
# Visual Studio 15
VisualStudioVersion = 15.0.26730.16
MinimumVisualStudioVersion = 10.0.40219.1
Project("{FAE04EC0-301F-11D3-BF4B-00C04F79EFBC}") = "Sortings", "Sortings\Sortings.csproj", "{72F6E89F-25DC-4677-A2DB-A254570E7437}"
EndProject
Project("{FAE04EC0-301F-11D3-BF4B-00C04F79EFBC}") = "Sortings.MSUnitTests", "Sortings.MSUnitTests\Sortings.MSUnitTests.csproj", "{232F4A90-5AB6-4B57-B6BB-F1D0037207CF}"
EndProject
Global
	GlobalSection(SolutionConfigurationPlatforms) = preSolution
		Debug|Any CPU = Debug|Any CPU
		Release|Any CPU = Release|Any CPU
	EndGlobalSection
	GlobalSection(ProjectConfigurationPlatforms) = postSolution
		{72F6E89F-25DC-4677-A2DB-A254570E7437}.Debug|Any CPU.ActiveCfg = Debug|Any CPU
		{72F6E89F-25DC-4677-A2DB-A254570E7437}.Debug|Any CPU.Build.0 = Debug|Any CPU
		{72F6E89F-25DC-4677-A2DB-A254570E7437}.Release|Any CPU.ActiveCfg = Release|Any CPU
		{72F6E89F-25DC-4677-A2DB-A254570E7437}.Release|Any CPU.Build.0 = Release|Any CPU
		{232F4A90-5AB6-4B57-B6BB-F1D0037207CF}.Debug|Any CPU.ActiveCfg = Debug|Any CPU
		{232F4A90-5AB6-4B57-B6BB-F1D0037207CF}.Debug|Any CPU.Build.0 = Debug|Any CPU
		{232F4A90-5AB6-4B57-B6BB-F1D0037207CF}.Release|Any CPU.ActiveCfg = Release|Any CPU
		{232F4A90-5AB6-4B57-B6BB-F1D0037207CF}.Release|Any CPU.Build.0 = Release|Any CPU
	EndGlobalSection
	GlobalSection(SolutionProperties) = preSolution
		HideSolutionNode = FALSE
	EndGlobalSection
	GlobalSection(ExtensibilityGlobals) = postSolution
		SolutionGuid = {23A5B9B3-5E60-4DD1-8367-A5A26CADA5A8}
	EndGlobalSection
EndGlobal
