
Microsoft Visual Studio Solution File, Format Version 12.00
# Visual Studio 15
VisualStudioVersion = 15.0.26730.16
MinimumVisualStudioVersion = 10.0.40219.1
Project("{FAE04EC0-301F-11D3-BF4B-00C04F79EFBC}") = "Converter", "Converter\Converter.csproj", "{2E933831-4F80-4C9F-A216-CBE82E23644F}"
EndProject
Project("{FAE04EC0-301F-11D3-BF4B-00C04F79EFBC}") = "ConsoleUI", "ConsoleUI\ConsoleUI.csproj", "{44FEF5F4-03F6-456B-B306-9FF0292CA77F}"
EndProject
Project("{FAE04EC0-301F-11D3-BF4B-00C04F79EFBC}") = "Logger", "Logger\Logger.csproj", "{029C0B2D-DB13-4A3A-91CD-3BFEA126E3D0}"
EndProject
Global
	GlobalSection(SolutionConfigurationPlatforms) = preSolution
		Debug|Any CPU = Debug|Any CPU
		Release|Any CPU = Release|Any CPU
	EndGlobalSection
	GlobalSection(ProjectConfigurationPlatforms) = postSolution
		{2E933831-4F80-4C9F-A216-CBE82E23644F}.Debug|Any CPU.ActiveCfg = Debug|Any CPU
		{2E933831-4F80-4C9F-A216-CBE82E23644F}.Debug|Any CPU.Build.0 = Debug|Any CPU
		{2E933831-4F80-4C9F-A216-CBE82E23644F}.Release|Any CPU.ActiveCfg = Release|Any CPU
		{2E933831-4F80-4C9F-A216-CBE82E23644F}.Release|Any CPU.Build.0 = Release|Any CPU
		{44FEF5F4-03F6-456B-B306-9FF0292CA77F}.Debug|Any CPU.ActiveCfg = Debug|Any CPU
		{44FEF5F4-03F6-456B-B306-9FF0292CA77F}.Debug|Any CPU.Build.0 = Debug|Any CPU
		{44FEF5F4-03F6-456B-B306-9FF0292CA77F}.Release|Any CPU.ActiveCfg = Release|Any CPU
		{44FEF5F4-03F6-456B-B306-9FF0292CA77F}.Release|Any CPU.Build.0 = Release|Any CPU
		{029C0B2D-DB13-4A3A-91CD-3BFEA126E3D0}.Debug|Any CPU.ActiveCfg = Debug|Any CPU
		{029C0B2D-DB13-4A3A-91CD-3BFEA126E3D0}.Debug|Any CPU.Build.0 = Debug|Any CPU
		{029C0B2D-DB13-4A3A-91CD-3BFEA126E3D0}.Release|Any CPU.ActiveCfg = Release|Any CPU
		{029C0B2D-DB13-4A3A-91CD-3BFEA126E3D0}.Release|Any CPU.Build.0 = Release|Any CPU
	EndGlobalSection
	GlobalSection(SolutionProperties) = preSolution
		HideSolutionNode = FALSE
	EndGlobalSection
	GlobalSection(ExtensibilityGlobals) = postSolution
		SolutionGuid = {AE282807-366B-4CFD-8A71-163128964165}
	EndGlobalSection
EndGlobal
